
Microsoft Visual Studio Solution File, Format Version 12.00
# Visual Studio Version 17
VisualStudioVersion = 17.5.2.0
MinimumVisualStudioVersion = 10.0.40219.1
Project("{2150E333-8FDC-42A3-9474-1A3956D46DE8}") = "HttpMcp", "HttpMcp", "{2809A133-6225-D027-5F54-907246F9A397}"
EndProject
Project("{FAE04EC0-301F-11D3-BF4B-00C04F79EFBC}") = "HttpMcpServer", "HttpMcp\HttpMcpServer\HttpMcpServer.csproj", "{4FF3DDEB-9283-4C9B-9AD0-B118CFF8AB19}"
EndProject
Project("{FAE04EC0-301F-11D3-BF4B-00C04F79EFBC}") = "HttpMcpServer2", "HttpMcp\HttpMcpServer2\HttpMcpServer2.csproj", "{FAEC90C0-421B-4FD0-99CE-503064BAED84}"
EndProject
Project("{FAE04EC0-301F-11D3-BF4B-00C04F79EFBC}") = "HttpMcpClient", "HttpMcp\HttpMcpClient\HttpMcpClient.csproj", "{302501F8-3F07-4EDB-BD4C-BFAECA48C57E}"
EndProject
Project("{FAE04EC0-301F-11D3-BF4B-00C04F79EFBC}") = "HttpMcpClient2", "HttpMcp\HttpMcpClient2\HttpMcpClient2.csproj", "{3617B665-D0C0-4BB1-9906-66D7E1D8C9F7}"
EndProject
Project("{2150E333-8FDC-42A3-9474-1A3956D46DE8}") = "SeeMcp", "SeeMcp", "{81061D32-97A9-80A9-792D-2ED505CAA7D8}"
EndProject
Project("{FAE04EC0-301F-11D3-BF4B-00C04F79EFBC}") = "SeeMcpClient", "SeeMcp\SeeMcpClient\SeeMcpClient.csproj", "{53F12176-1208-4388-8BDC-CAB06A7E6F74}"
EndProject
Project("{FAE04EC0-301F-11D3-BF4B-00C04F79EFBC}") = "SeeMcpServer", "SeeMcp\SeeMcpServer\SeeMcpServer.csproj", "{A208FE46-C2EE-4F37-8CE7-47A05AAA3B75}"
EndProject
Global
	GlobalSection(SolutionConfigurationPlatforms) = preSolution
		Debug|Any CPU = Debug|Any CPU
		Debug|x64 = Debug|x64
		Debug|x86 = Debug|x86
		Release|Any CPU = Release|Any CPU
		Release|x64 = Release|x64
		Release|x86 = Release|x86
	EndGlobalSection
	GlobalSection(ProjectConfigurationPlatforms) = postSolution
		{4FF3DDEB-9283-4C9B-9AD0-B118CFF8AB19}.Debug|Any CPU.ActiveCfg = Debug|Any CPU
		{4FF3DDEB-9283-4C9B-9AD0-B118CFF8AB19}.Debug|Any CPU.Build.0 = Debug|Any CPU
		{4FF3DDEB-9283-4C9B-9AD0-B118CFF8AB19}.Debug|x64.ActiveCfg = Debug|Any CPU
		{4FF3DDEB-9283-4C9B-9AD0-B118CFF8AB19}.Debug|x64.Build.0 = Debug|Any CPU
		{4FF3DDEB-9283-4C9B-9AD0-B118CFF8AB19}.Debug|x86.ActiveCfg = Debug|Any CPU
		{4FF3DDEB-9283-4C9B-9AD0-B118CFF8AB19}.Debug|x86.Build.0 = Debug|Any CPU
		{4FF3DDEB-9283-4C9B-9AD0-B118CFF8AB19}.Release|Any CPU.ActiveCfg = Release|Any CPU
		{4FF3DDEB-9283-4C9B-9AD0-B118CFF8AB19}.Release|Any CPU.Build.0 = Release|Any CPU
		{4FF3DDEB-9283-4C9B-9AD0-B118CFF8AB19}.Release|x64.ActiveCfg = Release|Any CPU
		{4FF3DDEB-9283-4C9B-9AD0-B118CFF8AB19}.Release|x64.Build.0 = Release|Any CPU
		{4FF3DDEB-9283-4C9B-9AD0-B118CFF8AB19}.Release|x86.ActiveCfg = Release|Any CPU
		{4FF3DDEB-9283-4C9B-9AD0-B118CFF8AB19}.Release|x86.Build.0 = Release|Any CPU
		{FAEC90C0-421B-4FD0-99CE-503064BAED84}.Debug|Any CPU.ActiveCfg = Debug|Any CPU
		{FAEC90C0-421B-4FD0-99CE-503064BAED84}.Debug|Any CPU.Build.0 = Debug|Any CPU
		{FAEC90C0-421B-4FD0-99CE-503064BAED84}.Debug|x64.ActiveCfg = Debug|Any CPU
		{FAEC90C0-421B-4FD0-99CE-503064BAED84}.Debug|x64.Build.0 = Debug|Any CPU
		{FAEC90C0-421B-4FD0-99CE-503064BAED84}.Debug|x86.ActiveCfg = Debug|Any CPU
		{FAEC90C0-421B-4FD0-99CE-503064BAED84}.Debug|x86.Build.0 = Debug|Any CPU
		{FAEC90C0-421B-4FD0-99CE-503064BAED84}.Release|Any CPU.ActiveCfg = Release|Any CPU
		{FAEC90C0-421B-4FD0-99CE-503064BAED84}.Release|Any CPU.Build.0 = Release|Any CPU
		{FAEC90C0-421B-4FD0-99CE-503064BAED84}.Release|x64.ActiveCfg = Release|Any CPU
		{FAEC90C0-421B-4FD0-99CE-503064BAED84}.Release|x64.Build.0 = Release|Any CPU
		{FAEC90C0-421B-4FD0-99CE-503064BAED84}.Release|x86.ActiveCfg = Release|Any CPU
		{FAEC90C0-421B-4FD0-99CE-503064BAED84}.Release|x86.Build.0 = Release|Any CPU
		{302501F8-3F07-4EDB-BD4C-BFAECA48C57E}.Debug|Any CPU.ActiveCfg = Debug|Any CPU
		{302501F8-3F07-4EDB-BD4C-BFAECA48C57E}.Debug|Any CPU.Build.0 = Debug|Any CPU
		{302501F8-3F07-4EDB-BD4C-BFAECA48C57E}.Debug|x64.ActiveCfg = Debug|Any CPU
		{302501F8-3F07-4EDB-BD4C-BFAECA48C57E}.Debug|x64.Build.0 = Debug|Any CPU
		{302501F8-3F07-4EDB-BD4C-BFAECA48C57E}.Debug|x86.ActiveCfg = Debug|Any CPU
		{302501F8-3F07-4EDB-BD4C-BFAECA48C57E}.Debug|x86.Build.0 = Debug|Any CPU
		{302501F8-3F07-4EDB-BD4C-BFAECA48C57E}.Release|Any CPU.ActiveCfg = Release|Any CPU
		{302501F8-3F07-4EDB-BD4C-BFAECA48C57E}.Release|Any CPU.Build.0 = Release|Any CPU
		{302501F8-3F07-4EDB-BD4C-BFAECA48C57E}.Release|x64.ActiveCfg = Release|Any CPU
		{302501F8-3F07-4EDB-BD4C-BFAECA48C57E}.Release|x64.Build.0 = Release|Any CPU
		{302501F8-3F07-4EDB-BD4C-BFAECA48C57E}.Release|x86.ActiveCfg = Release|Any CPU
		{302501F8-3F07-4EDB-BD4C-BFAECA48C57E}.Release|x86.Build.0 = Release|Any CPU
		{3617B665-D0C0-4BB1-9906-66D7E1D8C9F7}.Debug|Any CPU.ActiveCfg = Debug|Any CPU
		{3617B665-D0C0-4BB1-9906-66D7E1D8C9F7}.Debug|Any CPU.Build.0 = Debug|Any CPU
		{3617B665-D0C0-4BB1-9906-66D7E1D8C9F7}.Debug|x64.ActiveCfg = Debug|Any CPU
		{3617B665-D0C0-4BB1-9906-66D7E1D8C9F7}.Debug|x64.Build.0 = Debug|Any CPU
		{3617B665-D0C0-4BB1-9906-66D7E1D8C9F7}.Debug|x86.ActiveCfg = Debug|Any CPU
		{3617B665-D0C0-4BB1-9906-66D7E1D8C9F7}.Debug|x86.Build.0 = Debug|Any CPU
		{3617B665-D0C0-4BB1-9906-66D7E1D8C9F7}.Release|Any CPU.ActiveCfg = Release|Any CPU
		{3617B665-D0C0-4BB1-9906-66D7E1D8C9F7}.Release|Any CPU.Build.0 = Release|Any CPU
		{3617B665-D0C0-4BB1-9906-66D7E1D8C9F7}.Release|x64.ActiveCfg = Release|Any CPU
		{3617B665-D0C0-4BB1-9906-66D7E1D8C9F7}.Release|x64.Build.0 = Release|Any CPU
		{3617B665-D0C0-4BB1-9906-66D7E1D8C9F7}.Release|x86.ActiveCfg = Release|Any CPU
		{3617B665-D0C0-4BB1-9906-66D7E1D8C9F7}.Release|x86.Build.0 = Release|Any CPU
		{53F12176-1208-4388-8BDC-CAB06A7E6F74}.Debug|Any CPU.ActiveCfg = Debug|Any CPU
		{53F12176-1208-4388-8BDC-CAB06A7E6F74}.Debug|Any CPU.Build.0 = Debug|Any CPU
		{53F12176-1208-4388-8BDC-CAB06A7E6F74}.Debug|x64.ActiveCfg = Debug|Any CPU
		{53F12176-1208-4388-8BDC-CAB06A7E6F74}.Debug|x64.Build.0 = Debug|Any CPU
		{53F12176-1208-4388-8BDC-CAB06A7E6F74}.Debug|x86.ActiveCfg = Debug|Any CPU
		{53F12176-1208-4388-8BDC-CAB06A7E6F74}.Debug|x86.Build.0 = Debug|Any CPU
		{53F12176-1208-4388-8BDC-CAB06A7E6F74}.Release|Any CPU.ActiveCfg = Release|Any CPU
		{53F12176-1208-4388-8BDC-CAB06A7E6F74}.Release|Any CPU.Build.0 = Release|Any CPU
		{53F12176-1208-4388-8BDC-CAB06A7E6F74}.Release|x64.ActiveCfg = Release|Any CPU
		{53F12176-1208-4388-8BDC-CAB06A7E6F74}.Release|x64.Build.0 = Release|Any CPU
		{53F12176-1208-4388-8BDC-CAB06A7E6F74}.Release|x86.ActiveCfg = Release|Any CPU
		{53F12176-1208-4388-8BDC-CAB06A7E6F74}.Release|x86.Build.0 = Release|Any CPU
		{A208FE46-C2EE-4F37-8CE7-47A05AAA3B75}.Debug|Any CPU.ActiveCfg = Debug|Any CPU
		{A208FE46-C2EE-4F37-8CE7-47A05AAA3B75}.Debug|Any CPU.Build.0 = Debug|Any CPU
		{A208FE46-C2EE-4F37-8CE7-47A05AAA3B75}.Debug|x64.ActiveCfg = Debug|Any CPU
		{A208FE46-C2EE-4F37-8CE7-47A05AAA3B75}.Debug|x64.Build.0 = Debug|Any CPU
		{A208FE46-C2EE-4F37-8CE7-47A05AAA3B75}.Debug|x86.ActiveCfg = Debug|Any CPU
		{A208FE46-C2EE-4F37-8CE7-47A05AAA3B75}.Debug|x86.Build.0 = Debug|Any CPU
		{A208FE46-C2EE-4F37-8CE7-47A05AAA3B75}.Release|Any CPU.ActiveCfg = Release|Any CPU
		{A208FE46-C2EE-4F37-8CE7-47A05AAA3B75}.Release|Any CPU.Build.0 = Release|Any CPU
		{A208FE46-C2EE-4F37-8CE7-47A05AAA3B75}.Release|x64.ActiveCfg = Release|Any CPU
		{A208FE46-C2EE-4F37-8CE7-47A05AAA3B75}.Release|x64.Build.0 = Release|Any CPU
		{A208FE46-C2EE-4F37-8CE7-47A05AAA3B75}.Release|x86.ActiveCfg = Release|Any CPU
		{A208FE46-C2EE-4F37-8CE7-47A05AAA3B75}.Release|x86.Build.0 = Release|Any CPU
	EndGlobalSection
	GlobalSection(SolutionProperties) = preSolution
		HideSolutionNode = FALSE
	EndGlobalSection
	GlobalSection(NestedProjects) = preSolution
		{4FF3DDEB-9283-4C9B-9AD0-B118CFF8AB19} = {2809A133-6225-D027-5F54-907246F9A397}
		{FAEC90C0-421B-4FD0-99CE-503064BAED84} = {2809A133-6225-D027-5F54-907246F9A397}
		{302501F8-3F07-4EDB-BD4C-BFAECA48C57E} = {2809A133-6225-D027-5F54-907246F9A397}
		{3617B665-D0C0-4BB1-9906-66D7E1D8C9F7} = {2809A133-6225-D027-5F54-907246F9A397}
		{53F12176-1208-4388-8BDC-CAB06A7E6F74} = {81061D32-97A9-80A9-792D-2ED505CAA7D8}
		{A208FE46-C2EE-4F37-8CE7-47A05AAA3B75} = {81061D32-97A9-80A9-792D-2ED505CAA7D8}
	EndGlobalSection
	GlobalSection(ExtensibilityGlobals) = postSolution
		SolutionGuid = {8F2239BD-DC97-48D1-B557-D18BC809767B}
	EndGlobalSection
EndGlobal
